
Microsoft Visual Studio Solution File, Format Version 12.00
# Visual Studio Version 17
VisualStudioVersion = 17.0.31512.422
MinimumVisualStudioVersion = 10.0.40219.1
Project("{9A19103F-16F7-4668-BE54-9A1E7A4F7556}") = "jfYu.Core.Cache", "jfYu.Core\jfYu.Core.Cache\jfYu.Core.Cache.csproj", "{B6793BE5-AB5C-4AEC-B354-2EE7D2B16233}"
EndProject
Project("{9A19103F-16F7-4668-BE54-9A1E7A4F7556}") = "xUnitTestCore", "XUnitTestCore\xUnitTestCore.csproj", "{CBBEB5DD-542C-4898-8565-C43D8ED95B89}"
EndProject
Global
	GlobalSection(SolutionConfigurationPlatforms) = preSolution
		Debug|Any CPU = Debug|Any CPU
		Release|Any CPU = Release|Any CPU
	EndGlobalSection
	GlobalSection(ProjectConfigurationPlatforms) = postSolution
		{B6793BE5-AB5C-4AEC-B354-2EE7D2B16233}.Debug|Any CPU.ActiveCfg = Debug|Any CPU
		{B6793BE5-AB5C-4AEC-B354-2EE7D2B16233}.Debug|Any CPU.Build.0 = Debug|Any CPU
		{B6793BE5-AB5C-4AEC-B354-2EE7D2B16233}.Release|Any CPU.ActiveCfg = Release|Any CPU
		{B6793BE5-AB5C-4AEC-B354-2EE7D2B16233}.Release|Any CPU.Build.0 = Release|Any CPU
		{CBBEB5DD-542C-4898-8565-C43D8ED95B89}.Debug|Any CPU.ActiveCfg = Debug|Any CPU
		{CBBEB5DD-542C-4898-8565-C43D8ED95B89}.Debug|Any CPU.Build.0 = Debug|Any CPU
		{CBBEB5DD-542C-4898-8565-C43D8ED95B89}.Release|Any CPU.ActiveCfg = Release|Any CPU
		{CBBEB5DD-542C-4898-8565-C43D8ED95B89}.Release|Any CPU.Build.0 = Release|Any CPU
	EndGlobalSection
	GlobalSection(SolutionProperties) = preSolution
		HideSolutionNode = FALSE
	EndGlobalSection
	GlobalSection(ExtensibilityGlobals) = postSolution
		SolutionGuid = {4AE6963F-87FD-47DC-A2FA-6C72B2268916}
	EndGlobalSection
EndGlobal
